
Microsoft Visual Studio Solution File, Format Version 12.00
# Visual Studio Version 17
VisualStudioVersion = 17.12.35514.174 d17.12
MinimumVisualStudioVersion = 10.0.40219.1
Project("{FAE04EC0-301F-11D3-BF4B-00C04F79EFBC}") = "Bai_Buoi05", "Bai_Buoi05\Bai_Buoi05.csproj", "{ACDB432E-8081-44F2-8B81-D6801D716EB7}"
EndProject
Global
	GlobalSection(SolutionConfigurationPlatforms) = preSolution
		Debug|Any CPU = Debug|Any CPU
		Release|Any CPU = Release|Any CPU
	EndGlobalSection
	GlobalSection(ProjectConfigurationPlatforms) = postSolution
		{ACDB432E-8081-44F2-8B81-D6801D716EB7}.Debug|Any CPU.ActiveCfg = Debug|Any CPU
		{ACDB432E-8081-44F2-8B81-D6801D716EB7}.Debug|Any CPU.Build.0 = Debug|Any CPU
		{ACDB432E-8081-44F2-8B81-D6801D716EB7}.Release|Any CPU.ActiveCfg = Release|Any CPU
		{ACDB432E-8081-44F2-8B81-D6801D716EB7}.Release|Any CPU.Build.0 = Release|Any CPU
	EndGlobalSection
	GlobalSection(SolutionProperties) = preSolution
		HideSolutionNode = FALSE
	EndGlobalSection
EndGlobal
